
Microsoft Visual Studio Solution File, Format Version 12.00
# Visual Studio Version 17
VisualStudioVersion = 17.14.37628.2
MinimumVisualStudioVersion = 10.0.40219.1
Project("{2150E333-8FDC-42A3-9474-1A3956D46DE8}") = "Task0", "Task0", "{02EA681E-C7D8-13C7-8484-4AC65E1B71E8}"
EndProject
Project("{FAE04EC0-301F-11D3-BF4B-00C04F79EFBC}") = "Tyuiu.VazhnikLN.Sprint4.Task0.V16", "Tyuiu.VazhnikLN.Sprint4.Task0.V16\Tyuiu.VazhnikLN.Sprint4.Task0.V16.csproj", "{4E38FC95-1395-4BEF-A407-96D4F550C178}"
EndProject
Project("{FAE04EC0-301F-11D3-BF4B-00C04F79EFBC}") = "Tyuiu.VazhnikLN.Sprint4.Task0.V16.Test", "Tyuiu.VazhnikLN.Sprint4.Task0.V16.Test\Tyuiu.VazhnikLN.Sprint4.Task0.V16.Test.csproj", "{EA5B830F-42B7-498D-8451-A3A1F7812407}"
EndProject
Project("{FAE04EC0-301F-11D3-BF4B-00C04F79EFBC}") = "Tyuiu.VazhnikLN.Sprint4.Task0.V16.Lib", "Tyuiu.VazhnikLN.Sprint4.Task0.V16.Lib\Tyuiu.VazhnikLN.Sprint4.Task0.V16.Lib.csproj", "{1C1C8E84-1F4F-4D79-9282-AB5847BC8D54}"
EndProject
Project("{2150E333-8FDC-42A3-9474-1A3956D46DE8}") = "Task1", "Task1", "{31A0E155-21BD-401B-9678-B2CEA2EDD8C8}"
EndProject
Project("{FAE04EC0-301F-11D3-BF4B-00C04F79EFBC}") = "Tyuiu.VazhnikLN.Sprint4.Task1.V28", "Tyuiu.VazhnikLN.Sprint4.Task1.V28\Tyuiu.VazhnikLN.Sprint4.Task1.V28.csproj", "{2B8097CC-A8DA-4247-9D57-59CDC324D0BB}"
EndProject
Project("{FAE04EC0-301F-11D3-BF4B-00C04F79EFBC}") = "Tyuiu.VazhnikLN.Sprint4.Task1.V28.Test", "Tyuiu.VazhnikLN.Sprint4.Task1.V28.Test\Tyuiu.VazhnikLN.Sprint4.Task1.V28.Test.csproj", "{2D17E310-3F58-4694-854C-1DE74A250272}"
EndProject
Project("{FAE04EC0-301F-11D3-BF4B-00C04F79EFBC}") = "Tyuiu.VazhnikLN.Sprint4.Task1.V28.Lib", "Tyuiu.VazhnikLN.Sprint4.Task1.V28.Lib\Tyuiu.VazhnikLN.Sprint4.Task1.V28.Lib.csproj", "{0CA8B756-F969-493A-8509-5E5C56CAFC1E}"
EndProject
Project("{2150E333-8FDC-42A3-9474-1A3956D46DE8}") = "Task2", "Task2", "{80A828F1-DD73-42C0-9A5E-DC5FFCC72512}"
EndProject
Project("{FAE04EC0-301F-11D3-BF4B-00C04F79EFBC}") = "Tyuiu.VazhnikLN.Sprint4.Task2.V23", "Tyuiu.VazhnikLN.Sprint4.Task2.V23\Tyuiu.VazhnikLN.Sprint4.Task2.V23.csproj", "{2566AE5E-E37A-47CE-BD85-0F51BBC923DE}"
EndProject
Project("{FAE04EC0-301F-11D3-BF4B-00C04F79EFBC}") = "Tyuiu.VazhnikLN.Sprint4.Task2.V23.Lib", "Tyuiu.VazhnikLN.Sprint4.Task2.V23.Lib\Tyuiu.VazhnikLN.Sprint4.Task2.V23.Lib.csproj", "{68D06287-7762-4B1A-98B3-93C77966B8BB}"
EndProject
Project("{FAE04EC0-301F-11D3-BF4B-00C04F79EFBC}") = "Tyuiu.VazhnikLN.Sprint4.Task2.V23.Test", "Tyuiu.VazhnikLN.Sprint4.Task2.V23.Test\Tyuiu.VazhnikLN.Sprint4.Task2.V23.Test.csproj", "{24DD2A93-8049-4264-B02C-08BC80010F9D}"
EndProject
Global
	GlobalSection(SolutionConfigurationPlatforms) = preSolution
		Debug|Any CPU = Debug|Any CPU
		Release|Any CPU = Release|Any CPU
	EndGlobalSection
	GlobalSection(ProjectConfigurationPlatforms) = postSolution
		{4E38FC95-1395-4BEF-A407-96D4F550C178}.Debug|Any CPU.ActiveCfg = Debug|Any CPU
		{4E38FC95-1395-4BEF-A407-96D4F550C178}.Debug|Any CPU.Build.0 = Debug|Any CPU
		{4E38FC95-1395-4BEF-A407-96D4F550C178}.Release|Any CPU.ActiveCfg = Release|Any CPU
		{4E38FC95-1395-4BEF-A407-96D4F550C178}.Release|Any CPU.Build.0 = Release|Any CPU
		{EA5B830F-42B7-498D-8451-A3A1F7812407}.Debug|Any CPU.ActiveCfg = Debug|Any CPU
		{EA5B830F-42B7-498D-8451-A3A1F7812407}.Debug|Any CPU.Build.0 = Debug|Any CPU
		{EA5B830F-42B7-498D-8451-A3A1F7812407}.Release|Any CPU.ActiveCfg = Release|Any CPU
		{EA5B830F-42B7-498D-8451-A3A1F7812407}.Release|Any CPU.Build.0 = Release|Any CPU
		{1C1C8E84-1F4F-4D79-9282-AB5847BC8D54}.Debug|Any CPU.ActiveCfg = Debug|Any CPU
		{1C1C8E84-1F4F-4D79-9282-AB5847BC8D54}.Debug|Any CPU.Build.0 = Debug|Any CPU
		{1C1C8E84-1F4F-4D79-9282-AB5847BC8D54}.Release|Any CPU.ActiveCfg = Release|Any CPU
		{1C1C8E84-1F4F-4D79-9282-AB5847BC8D54}.Release|Any CPU.Build.0 = Release|Any CPU
		{2B8097CC-A8DA-4247-9D57-59CDC324D0BB}.Debug|Any CPU.ActiveCfg = Debug|Any CPU
		{2B8097CC-A8DA-4247-9D57-59CDC324D0BB}.Debug|Any CPU.Build.0 = Debug|Any CPU
		{2B8097CC-A8DA-4247-9D57-59CDC324D0BB}.Release|Any CPU.ActiveCfg = Release|Any CPU
		{2B8097CC-A8DA-4247-9D57-59CDC324D0BB}.Release|Any CPU.Build.0 = Release|Any CPU
		{2D17E310-3F58-4694-854C-1DE74A250272}.Debug|Any CPU.ActiveCfg = Debug|Any CPU
		{2D17E310-3F58-4694-854C-1DE74A250272}.Debug|Any CPU.Build.0 = Debug|Any CPU
		{2D17E310-3F58-4694-854C-1DE74A250272}.Release|Any CPU.ActiveCfg = Release|Any CPU
		{2D17E310-3F58-4694-854C-1DE74A250272}.Release|Any CPU.Build.0 = Release|Any CPU
		{0CA8B756-F969-493A-8509-5E5C56CAFC1E}.Debug|Any CPU.ActiveCfg = Debug|Any CPU
		{0CA8B756-F969-493A-8509-5E5C56CAFC1E}.Debug|Any CPU.Build.0 = Debug|Any CPU
		{0CA8B756-F969-493A-8509-5E5C56CAFC1E}.Release|Any CPU.ActiveCfg = Release|Any CPU
		{0CA8B756-F969-493A-8509-5E5C56CAFC1E}.Release|Any CPU.Build.0 = Release|Any CPU
		{2566AE5E-E37A-47CE-BD85-0F51BBC923DE}.Debug|Any CPU.ActiveCfg = Debug|Any CPU
		{2566AE5E-E37A-47CE-BD85-0F51BBC923DE}.Debug|Any CPU.Build.0 = Debug|Any CPU
		{2566AE5E-E37A-47CE-BD85-0F51BBC923DE}.Release|Any CPU.ActiveCfg = Release|Any CPU
		{2566AE5E-E37A-47CE-BD85-0F51BBC923DE}.Release|Any CPU.Build.0 = Release|Any CPU
		{68D06287-7762-4B1A-98B3-93C77966B8BB}.Debug|Any CPU.ActiveCfg = Debug|Any CPU
		{68D06287-7762-4B1A-98B3-93C77966B8BB}.Debug|Any CPU.Build.0 = Debug|Any CPU
		{68D06287-7762-4B1A-98B3-93C77966B8BB}.Release|Any CPU.ActiveCfg = Release|Any CPU
		{68D06287-7762-4B1A-98B3-93C77966B8BB}.Release|Any CPU.Build.0 = Release|Any CPU
		{24DD2A93-8049-4264-B02C-08BC80010F9D}.Debug|Any CPU.ActiveCfg = Debug|Any CPU
		{24DD2A93-8049-4264-B02C-08BC80010F9D}.Debug|Any CPU.Build.0 = Debug|Any CPU
		{24DD2A93-8049-4264-B02C-08BC80010F9D}.Release|Any CPU.ActiveCfg = Release|Any CPU
		{24DD2A93-8049-4264-B02C-08BC80010F9D}.Release|Any CPU.Build.0 = Release|Any CPU
	EndGlobalSection
	GlobalSection(SolutionProperties) = preSolution
		HideSolutionNode = FALSE
	EndGlobalSection
	GlobalSection(NestedProjects) = preSolution
		{4E38FC95-1395-4BEF-A407-96D4F550C178} = {02EA681E-C7D8-13C7-8484-4AC65E1B71E8}
		{EA5B830F-42B7-498D-8451-A3A1F7812407} = {02EA681E-C7D8-13C7-8484-4AC65E1B71E8}
		{1C1C8E84-1F4F-4D79-9282-AB5847BC8D54} = {02EA681E-C7D8-13C7-8484-4AC65E1B71E8}
		{2B8097CC-A8DA-4247-9D57-59CDC324D0BB} = {31A0E155-21BD-401B-9678-B2CEA2EDD8C8}
		{2D17E310-3F58-4694-854C-1DE74A250272} = {31A0E155-21BD-401B-9678-B2CEA2EDD8C8}
		{0CA8B756-F969-493A-8509-5E5C56CAFC1E} = {31A0E155-21BD-401B-9678-B2CEA2EDD8C8}
		{2566AE5E-E37A-47CE-BD85-0F51BBC923DE} = {80A828F1-DD73-42C0-9A5E-DC5FFCC72512}
		{68D06287-7762-4B1A-98B3-93C77966B8BB} = {80A828F1-DD73-42C0-9A5E-DC5FFCC72512}
		{24DD2A93-8049-4264-B02C-08BC80010F9D} = {80A828F1-DD73-42C0-9A5E-DC5FFCC72512}
	EndGlobalSection
	GlobalSection(ExtensibilityGlobals) = postSolution
		SolutionGuid = {6178A5A6-D92F-450E-9978-A4D51032D058}
	EndGlobalSection
EndGlobal
